
Microsoft Visual Studio Solution File, Format Version 12.00
# Visual Studio Version 16
VisualStudioVersion = 16.0.31702.278
MinimumVisualStudioVersion = 10.0.40219.1
Project("{FAE04EC0-301F-11D3-BF4B-00C04F79EFBC}") = "UnitTestProject", "UnitTestProject.csproj", "{F27BF42E-4C2A-4A32-8002-AB26CCA3FA0F}"
EndProject
Project("{FAE04EC0-301F-11D3-BF4B-00C04F79EFBC}") = "UnitTestProjectTests", "..\UnitTestProjectTests\UnitTestProjectTests.csproj", "{4B56797F-5BB3-4824-A0CB-8B551A64D5C4}"
EndProject
Global
	GlobalSection(SolutionConfigurationPlatforms) = preSolution
		Debug|Any CPU = Debug|Any CPU
		Release|Any CPU = Release|Any CPU
	EndGlobalSection
	GlobalSection(ProjectConfigurationPlatforms) = postSolution
		{F27BF42E-4C2A-4A32-8002-AB26CCA3FA0F}.Debug|Any CPU.ActiveCfg = Debug|Any CPU
		{F27BF42E-4C2A-4A32-8002-AB26CCA3FA0F}.Debug|Any CPU.Build.0 = Debug|Any CPU
		{F27BF42E-4C2A-4A32-8002-AB26CCA3FA0F}.Release|Any CPU.ActiveCfg = Release|Any CPU
		{F27BF42E-4C2A-4A32-8002-AB26CCA3FA0F}.Release|Any CPU.Build.0 = Release|Any CPU
		{4B56797F-5BB3-4824-A0CB-8B551A64D5C4}.Debug|Any CPU.ActiveCfg = Debug|Any CPU
		{4B56797F-5BB3-4824-A0CB-8B551A64D5C4}.Debug|Any CPU.Build.0 = Debug|Any CPU
		{4B56797F-5BB3-4824-A0CB-8B551A64D5C4}.Release|Any CPU.ActiveCfg = Release|Any CPU
		{4B56797F-5BB3-4824-A0CB-8B551A64D5C4}.Release|Any CPU.Build.0 = Release|Any CPU
	EndGlobalSection
	GlobalSection(SolutionProperties) = preSolution
		HideSolutionNode = FALSE
	EndGlobalSection
	GlobalSection(ExtensibilityGlobals) = postSolution
		SolutionGuid = {106AB5B1-238B-4F7E-91B2-A7BB93540FFE}
	EndGlobalSection
EndGlobal
